
Microsoft Visual Studio Solution File, Format Version 12.00
# Visual Studio Version 16
VisualStudioVersion = 16.0.30320.27
MinimumVisualStudioVersion = 10.0.40219.1
Project("{FAE04EC0-301F-11D3-BF4B-00C04F79EFBC}") = "Atividade.EfCore.Senai", "Atividade.EfCore.Senai.csproj", "{6269ED9C-4737-4AB7-9819-D199F84203B6}"
EndProject
Global
	GlobalSection(SolutionConfigurationPlatforms) = preSolution
		Debug|Any CPU = Debug|Any CPU
		Release|Any CPU = Release|Any CPU
	EndGlobalSection
	GlobalSection(ProjectConfigurationPlatforms) = postSolution
		{6269ED9C-4737-4AB7-9819-D199F84203B6}.Debug|Any CPU.ActiveCfg = Debug|Any CPU
		{6269ED9C-4737-4AB7-9819-D199F84203B6}.Debug|Any CPU.Build.0 = Debug|Any CPU
		{6269ED9C-4737-4AB7-9819-D199F84203B6}.Release|Any CPU.ActiveCfg = Release|Any CPU
		{6269ED9C-4737-4AB7-9819-D199F84203B6}.Release|Any CPU.Build.0 = Release|Any CPU
	EndGlobalSection
	GlobalSection(SolutionProperties) = preSolution
		HideSolutionNode = FALSE
	EndGlobalSection
	GlobalSection(ExtensibilityGlobals) = postSolution
		SolutionGuid = {92926A25-CD7D-42D9-81D9-51D5CE2AE45A}
	EndGlobalSection
EndGlobal
