
Microsoft Visual Studio Solution File, Format Version 12.00
# Visual Studio Version 16
VisualStudioVersion = 16.0.30320.27
MinimumVisualStudioVersion = 10.0.40219.1
Project("{9A19103F-16F7-4668-BE54-9A1E7A4F7556}") = "API_Boletim", "..\..\..\..\..\..\source\repos\API_Boletim\API_Boletim.csproj", "{5C50DBB2-CDD5-4E54-B39F-66B80B3738D1}"
EndProject
Global
	GlobalSection(SolutionConfigurationPlatforms) = preSolution
		Debug|Any CPU = Debug|Any CPU
		Release|Any CPU = Release|Any CPU
	EndGlobalSection
	GlobalSection(ProjectConfigurationPlatforms) = postSolution
		{5C50DBB2-CDD5-4E54-B39F-66B80B3738D1}.Debug|Any CPU.ActiveCfg = Debug|Any CPU
		{5C50DBB2-CDD5-4E54-B39F-66B80B3738D1}.Debug|Any CPU.Build.0 = Debug|Any CPU
		{5C50DBB2-CDD5-4E54-B39F-66B80B3738D1}.Release|Any CPU.ActiveCfg = Release|Any CPU
		{5C50DBB2-CDD5-4E54-B39F-66B80B3738D1}.Release|Any CPU.Build.0 = Release|Any CPU
	EndGlobalSection
	GlobalSection(SolutionProperties) = preSolution
		HideSolutionNode = FALSE
	EndGlobalSection
	GlobalSection(ExtensibilityGlobals) = postSolution
		SolutionGuid = {FB55B414-3D12-446B-91C6-29663FFBAEF9}
	EndGlobalSection
EndGlobal
