
Microsoft Visual Studio Solution File, Format Version 12.00
# Visual Studio Version 16
VisualStudioVersion = 16.0.30320.27
MinimumVisualStudioVersion = 10.0.40219.1
Project("{FAE04EC0-301F-11D3-BF4B-00C04F79EFBC}") = "ProjetoNyous", "ProjetoNyous.csproj", "{4EB4BB18-08D4-4070-8CA8-C2C702A127CF}"
EndProject
Global
	GlobalSection(SolutionConfigurationPlatforms) = preSolution
		Debug|Any CPU = Debug|Any CPU
		Release|Any CPU = Release|Any CPU
	EndGlobalSection
	GlobalSection(ProjectConfigurationPlatforms) = postSolution
		{4EB4BB18-08D4-4070-8CA8-C2C702A127CF}.Debug|Any CPU.ActiveCfg = Debug|Any CPU
		{4EB4BB18-08D4-4070-8CA8-C2C702A127CF}.Debug|Any CPU.Build.0 = Debug|Any CPU
		{4EB4BB18-08D4-4070-8CA8-C2C702A127CF}.Release|Any CPU.ActiveCfg = Release|Any CPU
		{4EB4BB18-08D4-4070-8CA8-C2C702A127CF}.Release|Any CPU.Build.0 = Release|Any CPU
	EndGlobalSection
	GlobalSection(SolutionProperties) = preSolution
		HideSolutionNode = FALSE
	EndGlobalSection
	GlobalSection(ExtensibilityGlobals) = postSolution
		SolutionGuid = {4BF1D9A1-B1C0-4EF4-B687-4D6468DA30B9}
	EndGlobalSection
EndGlobal
